
Microsoft Visual Studio Solution File, Format Version 12.00
# Visual Studio Version 16
VisualStudioVersion = 16.0.31321.278
MinimumVisualStudioVersion = 10.0.40219.1
Project("{FAE04EC0-301F-11D3-BF4B-00C04F79EFBC}") = "all-things", "all-things.csproj", "{5E5AD49A-E786-46A1-8010-1736AA7D83D9}"
EndProject
Global
	GlobalSection(SolutionConfigurationPlatforms) = preSolution
		Debug|Any CPU = Debug|Any CPU
		Release|Any CPU = Release|Any CPU
	EndGlobalSection
	GlobalSection(ProjectConfigurationPlatforms) = postSolution
		{5E5AD49A-E786-46A1-8010-1736AA7D83D9}.Debug|Any CPU.ActiveCfg = Debug|Any CPU
		{5E5AD49A-E786-46A1-8010-1736AA7D83D9}.Debug|Any CPU.Build.0 = Debug|Any CPU
		{5E5AD49A-E786-46A1-8010-1736AA7D83D9}.Release|Any CPU.ActiveCfg = Release|Any CPU
		{5E5AD49A-E786-46A1-8010-1736AA7D83D9}.Release|Any CPU.Build.0 = Release|Any CPU
	EndGlobalSection
	GlobalSection(SolutionProperties) = preSolution
		HideSolutionNode = FALSE
	EndGlobalSection
	GlobalSection(ExtensibilityGlobals) = postSolution
		SolutionGuid = {9B122F5C-33B3-4C65-95EF-121A3D0BB0E2}
	EndGlobalSection
EndGlobal
